
Microsoft Visual Studio Solution File, Format Version 12.00
# Visual Studio 15
VisualStudioVersion = 15.0.26124.0
MinimumVisualStudioVersion = 15.0.26124.0
Project("{FAE04EC0-301F-11D3-BF4B-00C04F79EFBC}") = "Domain", "Domain\Domain.csproj", "{FD9E2D38-A716-4A8B-8D91-0BF8740F6B2F}"
EndProject
Project("{FAE04EC0-301F-11D3-BF4B-00C04F79EFBC}") = "Application", "Application\Application.csproj", "{7A2A24F7-5EC1-4C9E-8DC2-19656B707A9E}"
EndProject
Project("{FAE04EC0-301F-11D3-BF4B-00C04F79EFBC}") = "Persistence", "Persistence\Persistence.csproj", "{C6C3D201-0EF4-4D8D-83E7-58A1BEA671FA}"
EndProject
Project("{FAE04EC0-301F-11D3-BF4B-00C04F79EFBC}") = "API", "API\API.csproj", "{940774B5-789D-478F-B309-552B78AA09D2}"
EndProject
Global
	GlobalSection(SolutionConfigurationPlatforms) = preSolution
		Debug|Any CPU = Debug|Any CPU
		Debug|x64 = Debug|x64
		Debug|x86 = Debug|x86
		Release|Any CPU = Release|Any CPU
		Release|x64 = Release|x64
		Release|x86 = Release|x86
	EndGlobalSection
	GlobalSection(SolutionProperties) = preSolution
		HideSolutionNode = FALSE
	EndGlobalSection
	GlobalSection(ProjectConfigurationPlatforms) = postSolution
		{FD9E2D38-A716-4A8B-8D91-0BF8740F6B2F}.Debug|Any CPU.ActiveCfg = Debug|Any CPU
		{FD9E2D38-A716-4A8B-8D91-0BF8740F6B2F}.Debug|Any CPU.Build.0 = Debug|Any CPU
		{FD9E2D38-A716-4A8B-8D91-0BF8740F6B2F}.Debug|x64.ActiveCfg = Debug|Any CPU
		{FD9E2D38-A716-4A8B-8D91-0BF8740F6B2F}.Debug|x64.Build.0 = Debug|Any CPU
		{FD9E2D38-A716-4A8B-8D91-0BF8740F6B2F}.Debug|x86.ActiveCfg = Debug|Any CPU
		{FD9E2D38-A716-4A8B-8D91-0BF8740F6B2F}.Debug|x86.Build.0 = Debug|Any CPU
		{FD9E2D38-A716-4A8B-8D91-0BF8740F6B2F}.Release|Any CPU.ActiveCfg = Release|Any CPU
		{FD9E2D38-A716-4A8B-8D91-0BF8740F6B2F}.Release|Any CPU.Build.0 = Release|Any CPU
		{FD9E2D38-A716-4A8B-8D91-0BF8740F6B2F}.Release|x64.ActiveCfg = Release|Any CPU
		{FD9E2D38-A716-4A8B-8D91-0BF8740F6B2F}.Release|x64.Build.0 = Release|Any CPU
		{FD9E2D38-A716-4A8B-8D91-0BF8740F6B2F}.Release|x86.ActiveCfg = Release|Any CPU
		{FD9E2D38-A716-4A8B-8D91-0BF8740F6B2F}.Release|x86.Build.0 = Release|Any CPU
		{7A2A24F7-5EC1-4C9E-8DC2-19656B707A9E}.Debug|Any CPU.ActiveCfg = Debug|Any CPU
		{7A2A24F7-5EC1-4C9E-8DC2-19656B707A9E}.Debug|Any CPU.Build.0 = Debug|Any CPU
		{7A2A24F7-5EC1-4C9E-8DC2-19656B707A9E}.Debug|x64.ActiveCfg = Debug|Any CPU
		{7A2A24F7-5EC1-4C9E-8DC2-19656B707A9E}.Debug|x64.Build.0 = Debug|Any CPU
		{7A2A24F7-5EC1-4C9E-8DC2-19656B707A9E}.Debug|x86.ActiveCfg = Debug|Any CPU
		{7A2A24F7-5EC1-4C9E-8DC2-19656B707A9E}.Debug|x86.Build.0 = Debug|Any CPU
		{7A2A24F7-5EC1-4C9E-8DC2-19656B707A9E}.Release|Any CPU.ActiveCfg = Release|Any CPU
		{7A2A24F7-5EC1-4C9E-8DC2-19656B707A9E}.Release|Any CPU.Build.0 = Release|Any CPU
		{7A2A24F7-5EC1-4C9E-8DC2-19656B707A9E}.Release|x64.ActiveCfg = Release|Any CPU
		{7A2A24F7-5EC1-4C9E-8DC2-19656B707A9E}.Release|x64.Build.0 = Release|Any CPU
		{7A2A24F7-5EC1-4C9E-8DC2-19656B707A9E}.Release|x86.ActiveCfg = Release|Any CPU
		{7A2A24F7-5EC1-4C9E-8DC2-19656B707A9E}.Release|x86.Build.0 = Release|Any CPU
		{C6C3D201-0EF4-4D8D-83E7-58A1BEA671FA}.Debug|Any CPU.ActiveCfg = Debug|Any CPU
		{C6C3D201-0EF4-4D8D-83E7-58A1BEA671FA}.Debug|Any CPU.Build.0 = Debug|Any CPU
		{C6C3D201-0EF4-4D8D-83E7-58A1BEA671FA}.Debug|x64.ActiveCfg = Debug|Any CPU
		{C6C3D201-0EF4-4D8D-83E7-58A1BEA671FA}.Debug|x64.Build.0 = Debug|Any CPU
		{C6C3D201-0EF4-4D8D-83E7-58A1BEA671FA}.Debug|x86.ActiveCfg = Debug|Any CPU
		{C6C3D201-0EF4-4D8D-83E7-58A1BEA671FA}.Debug|x86.Build.0 = Debug|Any CPU
		{C6C3D201-0EF4-4D8D-83E7-58A1BEA671FA}.Release|Any CPU.ActiveCfg = Release|Any CPU
		{C6C3D201-0EF4-4D8D-83E7-58A1BEA671FA}.Release|Any CPU.Build.0 = Release|Any CPU
		{C6C3D201-0EF4-4D8D-83E7-58A1BEA671FA}.Release|x64.ActiveCfg = Release|Any CPU
		{C6C3D201-0EF4-4D8D-83E7-58A1BEA671FA}.Release|x64.Build.0 = Release|Any CPU
		{C6C3D201-0EF4-4D8D-83E7-58A1BEA671FA}.Release|x86.ActiveCfg = Release|Any CPU
		{C6C3D201-0EF4-4D8D-83E7-58A1BEA671FA}.Release|x86.Build.0 = Release|Any CPU
		{940774B5-789D-478F-B309-552B78AA09D2}.Debug|Any CPU.ActiveCfg = Debug|Any CPU
		{940774B5-789D-478F-B309-552B78AA09D2}.Debug|Any CPU.Build.0 = Debug|Any CPU
		{940774B5-789D-478F-B309-552B78AA09D2}.Debug|x64.ActiveCfg = Debug|Any CPU
		{940774B5-789D-478F-B309-552B78AA09D2}.Debug|x64.Build.0 = Debug|Any CPU
		{940774B5-789D-478F-B309-552B78AA09D2}.Debug|x86.ActiveCfg = Debug|Any CPU
		{940774B5-789D-478F-B309-552B78AA09D2}.Debug|x86.Build.0 = Debug|Any CPU
		{940774B5-789D-478F-B309-552B78AA09D2}.Release|Any CPU.ActiveCfg = Release|Any CPU
		{940774B5-789D-478F-B309-552B78AA09D2}.Release|Any CPU.Build.0 = Release|Any CPU
		{940774B5-789D-478F-B309-552B78AA09D2}.Release|x64.ActiveCfg = Release|Any CPU
		{940774B5-789D-478F-B309-552B78AA09D2}.Release|x64.Build.0 = Release|Any CPU
		{940774B5-789D-478F-B309-552B78AA09D2}.Release|x86.ActiveCfg = Release|Any CPU
		{940774B5-789D-478F-B309-552B78AA09D2}.Release|x86.Build.0 = Release|Any CPU
	EndGlobalSection
EndGlobal
